
Microsoft Visual Studio Solution File, Format Version 12.00
# Visual Studio Version 16
VisualStudioVersion = 16.0.810.11
MinimumVisualStudioVersion = 10.0.40219.1
Project("{FAE04EC0-301F-11D3-BF4B-00C04F79EFBC}") = "P03_FootballBetting", "P03_FootballBetting\P03_FootballBetting.csproj", "{0CBED7CB-A516-4017-AAFC-DC31D1267F05}"
EndProject
Project("{FAE04EC0-301F-11D3-BF4B-00C04F79EFBC}") = "P03_FootballBetting.Data", "P03_FootballBetting.Data\P03_FootballBetting.Data.csproj", "{ACD5D86B-1D98-43E3-9207-A2735778095C}"
EndProject
Project("{FAE04EC0-301F-11D3-BF4B-00C04F79EFBC}") = "P03_FootballBetting.Data.Models", "P03_FootballBetting.Data.Models\P03_FootballBetting.Data.Models.csproj", "{5A861BF9-FE71-46B9-A4E1-D4E7EF93A486}"
EndProject
Global
	GlobalSection(SolutionConfigurationPlatforms) = preSolution
		Debug|Any CPU = Debug|Any CPU
		Release|Any CPU = Release|Any CPU
	EndGlobalSection
	GlobalSection(ProjectConfigurationPlatforms) = postSolution
		{0CBED7CB-A516-4017-AAFC-DC31D1267F05}.Debug|Any CPU.ActiveCfg = Debug|Any CPU
		{0CBED7CB-A516-4017-AAFC-DC31D1267F05}.Debug|Any CPU.Build.0 = Debug|Any CPU
		{0CBED7CB-A516-4017-AAFC-DC31D1267F05}.Release|Any CPU.ActiveCfg = Release|Any CPU
		{0CBED7CB-A516-4017-AAFC-DC31D1267F05}.Release|Any CPU.Build.0 = Release|Any CPU
		{ACD5D86B-1D98-43E3-9207-A2735778095C}.Debug|Any CPU.ActiveCfg = Debug|Any CPU
		{ACD5D86B-1D98-43E3-9207-A2735778095C}.Debug|Any CPU.Build.0 = Debug|Any CPU
		{ACD5D86B-1D98-43E3-9207-A2735778095C}.Release|Any CPU.ActiveCfg = Release|Any CPU
		{ACD5D86B-1D98-43E3-9207-A2735778095C}.Release|Any CPU.Build.0 = Release|Any CPU
		{5A861BF9-FE71-46B9-A4E1-D4E7EF93A486}.Debug|Any CPU.ActiveCfg = Debug|Any CPU
		{5A861BF9-FE71-46B9-A4E1-D4E7EF93A486}.Debug|Any CPU.Build.0 = Debug|Any CPU
		{5A861BF9-FE71-46B9-A4E1-D4E7EF93A486}.Release|Any CPU.ActiveCfg = Release|Any CPU
		{5A861BF9-FE71-46B9-A4E1-D4E7EF93A486}.Release|Any CPU.Build.0 = Release|Any CPU
	EndGlobalSection
	GlobalSection(SolutionProperties) = preSolution
		HideSolutionNode = FALSE
	EndGlobalSection
	GlobalSection(ExtensibilityGlobals) = postSolution
		SolutionGuid = {E80E9043-7D9B-4F27-8EBB-E3177B62689F}
	EndGlobalSection
EndGlobal
